
Microsoft Visual Studio Solution File, Format Version 12.00
# Visual Studio 2012
Project("{FAE04EC0-301F-11D3-BF4B-00C04F79EFBC}") = "Stone", "assignment6\Stone.csproj", "{16790B70-0E4D-49B8-99B2-9D436FF67CBC}"
EndProject
Global
	GlobalSection(SolutionConfigurationPlatforms) = preSolution
		Debug|Any CPU = Debug|Any CPU
		Release|Any CPU = Release|Any CPU
	EndGlobalSection
	GlobalSection(ProjectConfigurationPlatforms) = postSolution
		{16790B70-0E4D-49B8-99B2-9D436FF67CBC}.Debug|Any CPU.ActiveCfg = Debug|Any CPU
		{16790B70-0E4D-49B8-99B2-9D436FF67CBC}.Debug|Any CPU.Build.0 = Debug|Any CPU
		{16790B70-0E4D-49B8-99B2-9D436FF67CBC}.Release|Any CPU.ActiveCfg = Release|Any CPU
		{16790B70-0E4D-49B8-99B2-9D436FF67CBC}.Release|Any CPU.Build.0 = Release|Any CPU
	EndGlobalSection
	GlobalSection(SolutionProperties) = preSolution
		HideSolutionNode = FALSE
	EndGlobalSection
EndGlobal
